{
  "name": "flower",
  "version": "1.0.0",
  "lockfileVersion": 2,
  "requires": true,
  "packages": {
    "": {
      "name": "flower",
      "version": "1.0.0",
      "license": "ISC",
      "dependencies": {
        "lin-ui": "^0.9.6"
      }
    },
    "node_modules/lin-ui": {
      "version": "0.9.6",
      "resolved": "https://registry.npmmirror.com/lin-ui/download/lin-ui-0.9.6.tgz",
      "integrity": "sha512-KwMUvYD/LhKLRa201pgCj5OyOTV4bhklk2StDXuyU+gjTZZm7P8W9uoreFVL8MBBzLzSFbizIX2E5mYHHKkx+Q=="
    }
  },
  "dependencies": {
    "lin-ui": {
      "version": "0.9.6",
      "resolved": "https://registry.npmmirror.com/lin-ui/download/lin-ui-0.9.6.tgz",
      "integrity": "sha512-KwMUvYD/LhKLRa201pgCj5OyOTV4bhklk2StDXuyU+gjTZZm7P8W9uoreFVL8MBBzLzSFbizIX2E5mYHHKkx+Q=="
    }
  }
}
