{
  "name": "flower",
  "version": "1.0.0",
  "lockfileVersion": 1,
  "requires": true,
  "dependencies": {
    "lin-ui": {
      "version": "0.9.6",
      "resolved": "https://registry.npmmirror.com/lin-ui/download/lin-ui-0.9.6.tgz",
      "integrity": "sha512-KwMUvYD/LhKLRa201pgCj5OyOTV4bhklk2StDXuyU+gjTZZm7P8W9uoreFVL8MBBzLzSFbizIX2E5mYHHKkx+Q=="
    }
  }
}
